name: Update Flake Lock
on:
  schedule:
    - cron: "0 2 * * 1"  # Monday 2 AM UTC
  workflow_dispatch:

permissions:
  contents: write

concurrency:
  group: main-branch-auto-update
  cancel-in-progress: false

jobs:
  update-flake-lock:
    runs-on: ubuntu-latest

    steps:
      - name: Checkout repository
        uses: actions/checkout@df4cb1c069e1874edd31b4311f1884172cec0e10 # v6.0.3
        with:
          token: ${{ secrets.GH_PAT }}

      - name: Install Nix
        uses: DeterminateSystems/nix-installer-action@c5a866b6ab867e88becbed4467b93592bce69f8a # v21

      - name: Update flake.lock
        run: nix flake update --flake .

      - name: Check for changes
        id: check
        run: |
          # --porcelain catches both a modified lock and a newly-created
          # (untracked) one -- the repo ships flake.nix without a flake.lock.
          if [ -z "$(git status --porcelain flake.lock)" ]; then
            echo "changed=false" >> "$GITHUB_OUTPUT"
            echo "flake.lock is already up to date"
          else
            echo "changed=true" >> "$GITHUB_OUTPUT"
            echo "flake.lock has changes"
          fi

      - name: Commit and push
        if: steps.check.outputs.changed == 'true'
        run: |
          git config user.name "github-actions[bot]"
          git config user.email "github-actions[bot]@users.noreply.github.com"
          git add flake.lock
          git commit -m "chore: update flake.lock"
          git push
